
Microsoft Visual Studio Solution File, Format Version 12.00
# Visual Studio 15
VisualStudioVersion = 15.0.26124.0
MinimumVisualStudioVersion = 15.0.26124.0
Project("{2150E333-8FDC-42A3-9474-1A3956D46DE8}") = "src", "src", "{86520FD7-D78B-4893-9152-1BA50BE5913A}"
EndProject
Project("{FAE04EC0-301F-11D3-BF4B-00C04F79EFBC}") = "ShopCommandLine", "src\ShopCommandLine\ShopCommandLine.csproj", "{48BC3E33-260F-4427-95CE-8A796E47BFE9}"
EndProject
Project("{FAE04EC0-301F-11D3-BF4B-00C04F79EFBC}") = "ShopCommandLine.Tests", "src\ShopCommandLine.Tests\ShopCommandLine.Tests.csproj", "{A96FE11C-3671-4116-B214-B08E6B470CDB}"
EndProject
Global
	GlobalSection(SolutionConfigurationPlatforms) = preSolution
		Debug|Any CPU = Debug|Any CPU
		Debug|x64 = Debug|x64
		Debug|x86 = Debug|x86
		Release|Any CPU = Release|Any CPU
		Release|x64 = Release|x64
		Release|x86 = Release|x86
	EndGlobalSection
	GlobalSection(SolutionProperties) = preSolution
		HideSolutionNode = FALSE
	EndGlobalSection
	GlobalSection(ProjectConfigurationPlatforms) = postSolution
		{48BC3E33-260F-4427-95CE-8A796E47BFE9}.Debug|Any CPU.ActiveCfg = Debug|Any CPU
		{48BC3E33-260F-4427-95CE-8A796E47BFE9}.Debug|Any CPU.Build.0 = Debug|Any CPU
		{48BC3E33-260F-4427-95CE-8A796E47BFE9}.Debug|x64.ActiveCfg = Debug|Any CPU
		{48BC3E33-260F-4427-95CE-8A796E47BFE9}.Debug|x64.Build.0 = Debug|Any CPU
		{48BC3E33-260F-4427-95CE-8A796E47BFE9}.Debug|x86.ActiveCfg = Debug|Any CPU
		{48BC3E33-260F-4427-95CE-8A796E47BFE9}.Debug|x86.Build.0 = Debug|Any CPU
		{48BC3E33-260F-4427-95CE-8A796E47BFE9}.Release|Any CPU.ActiveCfg = Release|Any CPU
		{48BC3E33-260F-4427-95CE-8A796E47BFE9}.Release|Any CPU.Build.0 = Release|Any CPU
		{48BC3E33-260F-4427-95CE-8A796E47BFE9}.Release|x64.ActiveCfg = Release|Any CPU
		{48BC3E33-260F-4427-95CE-8A796E47BFE9}.Release|x64.Build.0 = Release|Any CPU
		{48BC3E33-260F-4427-95CE-8A796E47BFE9}.Release|x86.ActiveCfg = Release|Any CPU
		{48BC3E33-260F-4427-95CE-8A796E47BFE9}.Release|x86.Build.0 = Release|Any CPU
		{A96FE11C-3671-4116-B214-B08E6B470CDB}.Debug|Any CPU.ActiveCfg = Debug|Any CPU
		{A96FE11C-3671-4116-B214-B08E6B470CDB}.Debug|Any CPU.Build.0 = Debug|Any CPU
		{A96FE11C-3671-4116-B214-B08E6B470CDB}.Debug|x64.ActiveCfg = Debug|Any CPU
		{A96FE11C-3671-4116-B214-B08E6B470CDB}.Debug|x64.Build.0 = Debug|Any CPU
		{A96FE11C-3671-4116-B214-B08E6B470CDB}.Debug|x86.ActiveCfg = Debug|Any CPU
		{A96FE11C-3671-4116-B214-B08E6B470CDB}.Debug|x86.Build.0 = Debug|Any CPU
		{A96FE11C-3671-4116-B214-B08E6B470CDB}.Release|Any CPU.ActiveCfg = Release|Any CPU
		{A96FE11C-3671-4116-B214-B08E6B470CDB}.Release|Any CPU.Build.0 = Release|Any CPU
		{A96FE11C-3671-4116-B214-B08E6B470CDB}.Release|x64.ActiveCfg = Release|Any CPU
		{A96FE11C-3671-4116-B214-B08E6B470CDB}.Release|x64.Build.0 = Release|Any CPU
		{A96FE11C-3671-4116-B214-B08E6B470CDB}.Release|x86.ActiveCfg = Release|Any CPU
		{A96FE11C-3671-4116-B214-B08E6B470CDB}.Release|x86.Build.0 = Release|Any CPU
	EndGlobalSection
	GlobalSection(NestedProjects) = preSolution
		{48BC3E33-260F-4427-95CE-8A796E47BFE9} = {86520FD7-D78B-4893-9152-1BA50BE5913A}
		{A96FE11C-3671-4116-B214-B08E6B470CDB} = {86520FD7-D78B-4893-9152-1BA50BE5913A}
	EndGlobalSection
EndGlobal
